
Microsoft Visual Studio Solution File, Format Version 12.00
# Visual Studio Version 17
VisualStudioVersion = 17.7.34024.191
MinimumVisualStudioVersion = 10.0.40219.1
Project("{FAE04EC0-301F-11D3-BF4B-00C04F79EFBC}") = "21.101_Mysin_Variant2", "21.101_Mysin_Variant2\21.101_Mysin_Variant2.csproj", "{23CC6993-433F-4FEE-9832-BA3AEE91525A}"
EndProject
Global
	GlobalSection(SolutionConfigurationPlatforms) = preSolution
		Debug|Any CPU = Debug|Any CPU
		Release|Any CPU = Release|Any CPU
	EndGlobalSection
	GlobalSection(ProjectConfigurationPlatforms) = postSolution
		{23CC6993-433F-4FEE-9832-BA3AEE91525A}.Debug|Any CPU.ActiveCfg = Debug|Any CPU
		{23CC6993-433F-4FEE-9832-BA3AEE91525A}.Debug|Any CPU.Build.0 = Debug|Any CPU
		{23CC6993-433F-4FEE-9832-BA3AEE91525A}.Release|Any CPU.ActiveCfg = Release|Any CPU
		{23CC6993-433F-4FEE-9832-BA3AEE91525A}.Release|Any CPU.Build.0 = Release|Any CPU
	EndGlobalSection
	GlobalSection(SolutionProperties) = preSolution
		HideSolutionNode = FALSE
	EndGlobalSection
	GlobalSection(ExtensibilityGlobals) = postSolution
		SolutionGuid = {467CC685-2786-4B4C-B07C-9D361A9D7F6D}
	EndGlobalSection
EndGlobal
